
Microsoft Visual Studio Solution File, Format Version 12.00
# Visual Studio Version 17
VisualStudioVersion = 17.2.32516.85
MinimumVisualStudioVersion = 10.0.40219.1
Project("{8BC9CEB8-8B4A-11D0-8D11-00A0C91BC942}") = "DataTypeSize1", "DataTypeSize1\DataTypeSize1.vcxproj", "{895BE4A9-411E-4385-A80E-6E59A364FF57}"
EndProject
Global
	GlobalSection(SolutionConfigurationPlatforms) = preSolution
		Debug|x64 = Debug|x64
		Debug|x86 = Debug|x86
		Release|x64 = Release|x64
		Release|x86 = Release|x86
	EndGlobalSection
	GlobalSection(ProjectConfigurationPlatforms) = postSolution
		{895BE4A9-411E-4385-A80E-6E59A364FF57}.Debug|x64.ActiveCfg = Debug|x64
		{895BE4A9-411E-4385-A80E-6E59A364FF57}.Debug|x64.Build.0 = Debug|x64
		{895BE4A9-411E-4385-A80E-6E59A364FF57}.Debug|x86.ActiveCfg = Debug|Win32
		{895BE4A9-411E-4385-A80E-6E59A364FF57}.Debug|x86.Build.0 = Debug|Win32
		{895BE4A9-411E-4385-A80E-6E59A364FF57}.Release|x64.ActiveCfg = Release|x64
		{895BE4A9-411E-4385-A80E-6E59A364FF57}.Release|x64.Build.0 = Release|x64
		{895BE4A9-411E-4385-A80E-6E59A364FF57}.Release|x86.ActiveCfg = Release|Win32
		{895BE4A9-411E-4385-A80E-6E59A364FF57}.Release|x86.Build.0 = Release|Win32
	EndGlobalSection
	GlobalSection(SolutionProperties) = preSolution
		HideSolutionNode = FALSE
	EndGlobalSection
	GlobalSection(ExtensibilityGlobals) = postSolution
		SolutionGuid = {9CFABC8F-9118-487F-8051-6EE6E710BAF0}
	EndGlobalSection
EndGlobal
